
Microsoft Visual Studio Solution File, Format Version 12.00
# Visual Studio Version 16
VisualStudioVersion = 16.0.30804.86
MinimumVisualStudioVersion = 10.0.40219.1
Project("{9A19103F-16F7-4668-BE54-9A1E7A4F7556}") = "DataAccess", "DataAccess\DataAccess.csproj", "{07C798E0-8E91-4FFD-89DA-8D2AD8155EDA}"
EndProject
Project("{9A19103F-16F7-4668-BE54-9A1E7A4F7556}") = "Business", "Business\Business.csproj", "{FAB47967-3610-4DDE-A167-421A215BC30D}"
EndProject
Project("{9A19103F-16F7-4668-BE54-9A1E7A4F7556}") = "Entities", "Entities\Entities.csproj", "{B08671EE-518C-4ABA-93B2-C465379DE823}"
EndProject
Project("{9A19103F-16F7-4668-BE54-9A1E7A4F7556}") = "ConsoleUI", "ConsoleUI\ConsoleUI.csproj", "{5DC08CA4-BE51-4ACB-8413-6760E1B3F7BE}"
EndProject
Project("{9A19103F-16F7-4668-BE54-9A1E7A4F7556}") = "Core", "Core\Core.csproj", "{DCD0A003-DD8D-4973-991B-53DC9953B309}"
EndProject
Project("{9A19103F-16F7-4668-BE54-9A1E7A4F7556}") = "WebAPI", "WebAPI\WebAPI.csproj", "{F7993ED8-4B99-413D-A2BF-803DA3D0AF80}"
EndProject
Project("{9A19103F-16F7-4668-BE54-9A1E7A4F7556}") = "RedisManages", "RedisManages\RedisManages.csproj", "{972D2297-231B-45C5-969B-9F4B6416A20C}"
EndProject
Project("{9A19103F-16F7-4668-BE54-9A1E7A4F7556}") = "RabbitMQManages", "RabbitMQManages\RabbitMQManages.csproj", "{35476D1F-B349-4743-9AC9-BBABAB1E9A1A}"
EndProject
Global
	GlobalSection(SolutionConfigurationPlatforms) = preSolution
		Debug|Any CPU = Debug|Any CPU
		Release|Any CPU = Release|Any CPU
	EndGlobalSection
	GlobalSection(ProjectConfigurationPlatforms) = postSolution
		{07C798E0-8E91-4FFD-89DA-8D2AD8155EDA}.Debug|Any CPU.ActiveCfg = Debug|Any CPU
		{07C798E0-8E91-4FFD-89DA-8D2AD8155EDA}.Debug|Any CPU.Build.0 = Debug|Any CPU
		{07C798E0-8E91-4FFD-89DA-8D2AD8155EDA}.Release|Any CPU.ActiveCfg = Release|Any CPU
		{07C798E0-8E91-4FFD-89DA-8D2AD8155EDA}.Release|Any CPU.Build.0 = Release|Any CPU
		{FAB47967-3610-4DDE-A167-421A215BC30D}.Debug|Any CPU.ActiveCfg = Debug|Any CPU
		{FAB47967-3610-4DDE-A167-421A215BC30D}.Debug|Any CPU.Build.0 = Debug|Any CPU
		{FAB47967-3610-4DDE-A167-421A215BC30D}.Release|Any CPU.ActiveCfg = Release|Any CPU
		{FAB47967-3610-4DDE-A167-421A215BC30D}.Release|Any CPU.Build.0 = Release|Any CPU
		{B08671EE-518C-4ABA-93B2-C465379DE823}.Debug|Any CPU.ActiveCfg = Debug|Any CPU
		{B08671EE-518C-4ABA-93B2-C465379DE823}.Debug|Any CPU.Build.0 = Debug|Any CPU
		{B08671EE-518C-4ABA-93B2-C465379DE823}.Release|Any CPU.ActiveCfg = Release|Any CPU
		{B08671EE-518C-4ABA-93B2-C465379DE823}.Release|Any CPU.Build.0 = Release|Any CPU
		{5DC08CA4-BE51-4ACB-8413-6760E1B3F7BE}.Debug|Any CPU.ActiveCfg = Debug|Any CPU
		{5DC08CA4-BE51-4ACB-8413-6760E1B3F7BE}.Debug|Any CPU.Build.0 = Debug|Any CPU
		{5DC08CA4-BE51-4ACB-8413-6760E1B3F7BE}.Release|Any CPU.ActiveCfg = Release|Any CPU
		{5DC08CA4-BE51-4ACB-8413-6760E1B3F7BE}.Release|Any CPU.Build.0 = Release|Any CPU
		{DCD0A003-DD8D-4973-991B-53DC9953B309}.Debug|Any CPU.ActiveCfg = Debug|Any CPU
		{DCD0A003-DD8D-4973-991B-53DC9953B309}.Debug|Any CPU.Build.0 = Debug|Any CPU
		{DCD0A003-DD8D-4973-991B-53DC9953B309}.Release|Any CPU.ActiveCfg = Release|Any CPU
		{DCD0A003-DD8D-4973-991B-53DC9953B309}.Release|Any CPU.Build.0 = Release|Any CPU
		{F7993ED8-4B99-413D-A2BF-803DA3D0AF80}.Debug|Any CPU.ActiveCfg = Debug|Any CPU
		{F7993ED8-4B99-413D-A2BF-803DA3D0AF80}.Debug|Any CPU.Build.0 = Debug|Any CPU
		{F7993ED8-4B99-413D-A2BF-803DA3D0AF80}.Release|Any CPU.ActiveCfg = Release|Any CPU
		{F7993ED8-4B99-413D-A2BF-803DA3D0AF80}.Release|Any CPU.Build.0 = Release|Any CPU
		{972D2297-231B-45C5-969B-9F4B6416A20C}.Debug|Any CPU.ActiveCfg = Debug|Any CPU
		{972D2297-231B-45C5-969B-9F4B6416A20C}.Debug|Any CPU.Build.0 = Debug|Any CPU
		{972D2297-231B-45C5-969B-9F4B6416A20C}.Release|Any CPU.ActiveCfg = Release|Any CPU
		{972D2297-231B-45C5-969B-9F4B6416A20C}.Release|Any CPU.Build.0 = Release|Any CPU
		{35476D1F-B349-4743-9AC9-BBABAB1E9A1A}.Debug|Any CPU.ActiveCfg = Debug|Any CPU
		{35476D1F-B349-4743-9AC9-BBABAB1E9A1A}.Debug|Any CPU.Build.0 = Debug|Any CPU
		{35476D1F-B349-4743-9AC9-BBABAB1E9A1A}.Release|Any CPU.ActiveCfg = Release|Any CPU
		{35476D1F-B349-4743-9AC9-BBABAB1E9A1A}.Release|Any CPU.Build.0 = Release|Any CPU
	EndGlobalSection
	GlobalSection(SolutionProperties) = preSolution
		HideSolutionNode = FALSE
	EndGlobalSection
	GlobalSection(ExtensibilityGlobals) = postSolution
		SolutionGuid = {196A8126-3B8B-4242-ABEC-3C93E24A483C}
	EndGlobalSection
EndGlobal
